// !$*UTF8*$!
{
	archiveVersion = 1;
	classes = {
	};
	objectVersion = 52;
	objects = {

/* Begin PBXBuildFile section */
		3F37ACC7D904C8A5ED5AEC77 /* Pods_MiniSoundsTests.framework in Frameworks */ = {isa = PBXBuildFile; fileRef = AA4711E6895E3726C2FD4A96 /* Pods_MiniSoundsTests.framework */; };
		767C1AAF163212F8F42A8DC8 /* Pods_MiniSounds_MiniSoundsUITests.framework in Frameworks */ = {isa = PBXBuildFile; fileRef = 16D77E1AE633B709E7A5E6A3 /* Pods_MiniSounds_MiniSoundsUITests.framework */; };
		A40089E7B1CCEE8175B69632 /* Pods_MiniSounds.framework in Frameworks */ = {isa = PBXBuildFile; fileRef = 86CB48880724387F0B83DB69 /* Pods_MiniSounds.framework */; };
		AC9917CF240E7BF600852F9C /* UIColour.swift in Sources */ = {isa = PBXBuildFile; fileRef = AC9917CE240E7BF600852F9C /* UIColour.swift */; };
		AC9917D1240E7C7B00852F9C /* AutoLayoutConstraints.swift in Sources */ = {isa = PBXBuildFile; fileRef = AC9917D0240E7C7B00852F9C /* AutoLayoutConstraints.swift */; };
		AC9917D4240E7E3A00852F9C /* PlayableItemsVC.swift in Sources */ = {isa = PBXBuildFile; fileRef = AC9917D3240E7E3A00852F9C /* PlayableItemsVC.swift */; };
		AC9917D7240E813700852F9C /* PlayableItemCell.swift in Sources */ = {isa = PBXBuildFile; fileRef = AC9917D6240E813700852F9C /* PlayableItemCell.swift */; };
		ACB5D86C241637930057FCF0 /* ConfigViewModel.swift in Sources */ = {isa = PBXBuildFile; fileRef = ACB5D86B241637930057FCF0 /* ConfigViewModel.swift */; };
		ACB5D86E241638860057FCF0 /* Playable.swift in Sources */ = {isa = PBXBuildFile; fileRef = ACB5D86D241638860057FCF0 /* Playable.swift */; };
		ACB5D87024164A890057FCF0 /* PlayableViewModel.swift in Sources */ = {isa = PBXBuildFile; fileRef = ACB5D86F24164A890057FCF0 /* PlayableViewModel.swift */; };
		ACC0903F240FB31E005E79D1 /* Kingfisher in Frameworks */ = {isa = PBXBuildFile; productRef = ACC0903E240FB31E005E79D1 /* Kingfisher */; };
		ACF22287240D077900E6E065 /* AppDelegate.swift in Sources */ = {isa = PBXBuildFile; fileRef = ACF22286240D077900E6E065 /* AppDelegate.swift */; };
		ACF22289240D077900E6E065 /* SceneDelegate.swift in Sources */ = {isa = PBXBuildFile; fileRef = ACF22288240D077900E6E065 /* SceneDelegate.swift */; };
		ACF2228B240D077900E6E065 /* HomeView.swift in Sources */ = {isa = PBXBuildFile; fileRef = ACF2228A240D077900E6E065 /* HomeView.swift */; };
		ACF2228E240D077900E6E065 /* Main.storyboard in Resources */ = {isa = PBXBuildFile; fileRef = ACF2228C240D077900E6E065 /* Main.storyboard */; };
		ACF22290240D077B00E6E065 /* Assets.xcassets in Resources */ = {isa = PBXBuildFile; fileRef = ACF2228F240D077B00E6E065 /* Assets.xcassets */; };
		ACF22293240D077B00E6E065 /* LaunchScreen.storyboard in Resources */ = {isa = PBXBuildFile; fileRef = ACF22291240D077B00E6E065 /* LaunchScreen.storyboard */; };
		ACF2229E240D077B00E6E065 /* MiniSoundsTests.swift in Sources */ = {isa = PBXBuildFile; fileRef = ACF2229D240D077B00E6E065 /* MiniSoundsTests.swift */; };
		ACF222A9240D077B00E6E065 /* MiniSoundsUITests.swift in Sources */ = {isa = PBXBuildFile; fileRef = ACF222A8240D077B00E6E065 /* MiniSoundsUITests.swift */; };
		ACF222B8240D2F0E00E6E065 /* PlayerScreen.swift in Sources */ = {isa = PBXBuildFile; fileRef = ACF222B7240D2F0E00E6E065 /* PlayerScreen.swift */; };
		ACF222BB240D34AC00E6E065 /* Config.swift in Sources */ = {isa = PBXBuildFile; fileRef = ACF222BA240D34AC00E6E065 /* Config.swift */; };
		ACF222BD240D581F00E6E065 /* configViewModelTests.swift in Sources */ = {isa = PBXBuildFile; fileRef = ACF222BC240D581F00E6E065 /* configViewModelTests.swift */; };
		ACF222C0240D59AF00E6E065 /* URLProtocolSub.swift in Sources */ = {isa = PBXBuildFile; fileRef = ACF222BF240D59AF00E6E065 /* URLProtocolSub.swift */; };
/* End PBXBuildFile section */

/* Begin PBXContainerItemProxy section */
		ACF2229A240D077B00E6E065 /* PBXContainerItemProxy */ = {
			isa = PBXContainerItemProxy;
			containerPortal = ACF2227B240D077900E6E065 /* Project object */;
			proxyType = 1;
			remoteGlobalIDString = ACF22282240D077900E6E065;
			remoteInfo = MiniSounds;
		};
		ACF222A5240D077B00E6E065 /* PBXContainerItemProxy */ = {
			isa = PBXContainerItemProxy;
			containerPortal = ACF2227B240D077900E6E065 /* Project object */;
			proxyType = 1;
			remoteGlobalIDString = ACF22282240D077900E6E065;
			remoteInfo = MiniSounds;
		};
/* End PBXContainerItemProxy section */

/* Begin PBXFileReference section */
		0FBE5EFA6F62C2057959F2A8 /* Pods-MiniSounds.release.xcconfig */ = {isa = PBXFileReference; includeInIndex = 1; lastKnownFileType = text.xcconfig; name = "Pods-MiniSounds.release.xcconfig"; path = "Target Support Files/Pods-MiniSounds/Pods-MiniSounds.release.xcconfig"; sourceTree = "<group>"; };
		16D77E1AE633B709E7A5E6A3 /* Pods_MiniSounds_MiniSoundsUITests.framework */ = {isa = PBXFileReference; explicitFileType = wrapper.framework; includeInIndex = 0; path = Pods_MiniSounds_MiniSoundsUITests.framework; sourceTree = BUILT_PRODUCTS_DIR; };
		2975A56622B3C9DA41BECB61 /* Pods-MiniSounds-MiniSoundsUITests.debug.xcconfig */ = {isa = PBXFileReference; includeInIndex = 1; lastKnownFileType = text.xcconfig; name = "Pods-MiniSounds-MiniSoundsUITests.debug.xcconfig"; path = "Target Support Files/Pods-MiniSounds-MiniSoundsUITests/Pods-MiniSounds-MiniSoundsUITests.debug.xcconfig"; sourceTree = "<group>"; };
		2FE43A233A1D6104E405799A /* Pods-MiniSoundsTests.debug.xcconfig */ = {isa = PBXFileReference; includeInIndex = 1; lastKnownFileType = text.xcconfig; name = "Pods-MiniSoundsTests.debug.xcconfig"; path = "Target Support Files/Pods-MiniSoundsTests/Pods-MiniSoundsTests.debug.xcconfig"; sourceTree = "<group>"; };
		6E0812BB3024D916A7B717A9 /* Pods-MiniSounds.debug.xcconfig */ = {isa = PBXFileReference; includeInIndex = 1; lastKnownFileType = text.xcconfig; name = "Pods-MiniSounds.debug.xcconfig"; path = "Target Support Files/Pods-MiniSounds/Pods-MiniSounds.debug.xcconfig"; sourceTree = "<group>"; };
		7319814343FB7968104F6EB1 /* Pods-MiniSoundsTests.release.xcconfig */ = {isa = PBXFileReference; includeInIndex = 1; lastKnownFileType = text.xcconfig; name = "Pods-MiniSoundsTests.release.xcconfig"; path = "Target Support Files/Pods-MiniSoundsTests/Pods-MiniSoundsTests.release.xcconfig"; sourceTree = "<group>"; };
		86CB48880724387F0B83DB69 /* Pods_MiniSounds.framework */ = {isa = PBXFileReference; explicitFileType = wrapper.framework; includeInIndex = 0; path = Pods_MiniSounds.framework; sourceTree = BUILT_PRODUCTS_DIR; };
		AA4711E6895E3726C2FD4A96 /* Pods_MiniSoundsTests.framework */ = {isa = PBXFileReference; explicitFileType = wrapper.framework; includeInIndex = 0; path = Pods_MiniSoundsTests.framework; sourceTree = BUILT_PRODUCTS_DIR; };
		AC9917CE240E7BF600852F9C /* UIColour.swift */ = {isa = PBXFileReference; lastKnownFileType = sourcecode.swift; path = UIColour.swift; sourceTree = "<group>"; };
		AC9917D0240E7C7B00852F9C /* AutoLayoutConstraints.swift */ = {isa = PBXFileReference; lastKnownFileType = sourcecode.swift; path = AutoLayoutConstraints.swift; sourceTree = "<group>"; };
		AC9917D3240E7E3A00852F9C /* PlayableItemsVC.swift */ = {isa = PBXFileReference; lastKnownFileType = sourcecode.swift; path = PlayableItemsVC.swift; sourceTree = "<group>"; };
		AC9917D6240E813700852F9C /* PlayableItemCell.swift */ = {isa = PBXFileReference; lastKnownFileType = sourcecode.swift; path = PlayableItemCell.swift; sourceTree = "<group>"; };
		ACB5D86B241637930057FCF0 /* ConfigViewModel.swift */ = {isa = PBXFileReference; lastKnownFileType = sourcecode.swift; path = ConfigViewModel.swift; sourceTree = "<group>"; };
		ACB5D86D241638860057FCF0 /* Playable.swift */ = {isa = PBXFileReference; lastKnownFileType = sourcecode.swift; path = Playable.swift; sourceTree = "<group>"; };
		ACB5D86F24164A890057FCF0 /* PlayableViewModel.swift */ = {isa = PBXFileReference; lastKnownFileType = sourcecode.swift; path = PlayableViewModel.swift; sourceTree = "<group>"; };
		ACF22283240D077900E6E065 /* MiniSounds.app */ = {isa = PBXFileReference; explicitFileType = wrapper.application; includeInIndex = 0; path = MiniSounds.app; sourceTree = BUILT_PRODUCTS_DIR; };
		ACF22286240D077900E6E065 /* AppDelegate.swift */ = {isa = PBXFileReference; lastKnownFileType = sourcecode.swift; path = AppDelegate.swift; sourceTree = "<group>"; };
		ACF22288240D077900E6E065 /* SceneDelegate.swift */ = {isa = PBXFileReference; lastKnownFileType = sourcecode.swift; path = SceneDelegate.swift; sourceTree = "<group>"; };
		ACF2228A240D077900E6E065 /* HomeView.swift */ = {isa = PBXFileReference; lastKnownFileType = sourcecode.swift; path = HomeView.swift; sourceTree = "<group>"; };
		ACF2228D240D077900E6E065 /* Base */ = {isa = PBXFileReference; lastKnownFileType = file.storyboard; name = Base; path = Base.lproj/Main.storyboard; sourceTree = "<group>"; };
		ACF2228F240D077B00E6E065 /* Assets.xcassets */ = {isa = PBXFileReference; lastKnownFileType = folder.assetcatalog; path = Assets.xcassets; sourceTree = "<group>"; };
		ACF22292240D077B00E6E065 /* Base */ = {isa = PBXFileReference; lastKnownFileType = file.storyboard; name = Base; path = Base.lproj/LaunchScreen.storyboard; sourceTree = "<group>"; };
		ACF22294240D077B00E6E065 /* Info.plist */ = {isa = PBXFileReference; lastKnownFileType = text.plist.xml; path = Info.plist; sourceTree = "<group>"; };
		ACF22299240D077B00E6E065 /* MiniSoundsTests.xctest */ = {isa = PBXFileReference; explicitFileType = wrapper.cfbundle; includeInIndex = 0; path = MiniSoundsTests.xctest; sourceTree = BUILT_PRODUCTS_DIR; };
		ACF2229D240D077B00E6E065 /* MiniSoundsTests.swift */ = {isa = PBXFileReference; lastKnownFileType = sourcecode.swift; path = MiniSoundsTests.swift; sourceTree = "<group>"; };
		ACF2229F240D077B00E6E065 /* Info.plist */ = {isa = PBXFileReference; lastKnownFileType = text.plist.xml; path = Info.plist; sourceTree = "<group>"; };
		ACF222A4240D077B00E6E065 /* MiniSoundsUITests.xctest */ = {isa = PBXFileReference; explicitFileType = wrapper.cfbundle; includeInIndex = 0; path = MiniSoundsUITests.xctest; sourceTree = BUILT_PRODUCTS_DIR; };
		ACF222A8240D077B00E6E065 /* MiniSoundsUITests.swift */ = {isa = PBXFileReference; lastKnownFileType = sourcecode.swift; path = MiniSoundsUITests.swift; sourceTree = "<group>"; };
		ACF222AA240D077B00E6E065 /* Info.plist */ = {isa = PBXFileReference; lastKnownFileType = text.plist.xml; path = Info.plist; sourceTree = "<group>"; };
		ACF222B7240D2F0E00E6E065 /* PlayerScreen.swift */ = {isa = PBXFileReference; lastKnownFileType = sourcecode.swift; path = PlayerScreen.swift; sourceTree = "<group>"; };
		ACF222BA240D34AC00E6E065 /* Config.swift */ = {isa = PBXFileReference; lastKnownFileType = sourcecode.swift; path = Config.swift; sourceTree = "<group>"; };
		ACF222BC240D581F00E6E065 /* configViewModelTests.swift */ = {isa = PBXFileReference; lastKnownFileType = sourcecode.swift; path = configViewModelTests.swift; sourceTree = "<group>"; };
		ACF222BF240D59AF00E6E065 /* URLProtocolSub.swift */ = {isa = PBXFileReference; lastKnownFileType = sourcecode.swift; path = URLProtocolSub.swift; sourceTree = "<group>"; };
		F67858D2A0868A6517F89D8F /* Pods-MiniSounds-MiniSoundsUITests.release.xcconfig */ = {isa = PBXFileReference; includeInIndex = 1; lastKnownFileType = text.xcconfig; name = "Pods-MiniSounds-MiniSoundsUITests.release.xcconfig"; path = "Target Support Files/Pods-MiniSounds-MiniSoundsUITests/Pods-MiniSounds-MiniSoundsUITests.release.xcconfig"; sourceTree = "<group>"; };
/* End PBXFileReference section */

/* Begin PBXFrameworksBuildPhase section */
		ACF22280240D077900E6E065 /* Frameworks */ = {
			isa = PBXFrameworksBuildPhase;
			buildActionMask = 2147483647;
			files = (
				ACC0903F240FB31E005E79D1 /* Kingfisher in Frameworks */,
				A40089E7B1CCEE8175B69632 /* Pods_MiniSounds.framework in Frameworks */,
			);
			runOnlyForDeploymentPostprocessing = 0;
		};
		ACF22296240D077B00E6E065 /* Frameworks */ = {
			isa = PBXFrameworksBuildPhase;
			buildActionMask = 2147483647;
			files = (
				3F37ACC7D904C8A5ED5AEC77 /* Pods_MiniSoundsTests.framework in Frameworks */,
			);
			runOnlyForDeploymentPostprocessing = 0;
		};
		ACF222A1240D077B00E6E065 /* Frameworks */ = {
			isa = PBXFrameworksBuildPhase;
			buildActionMask = 2147483647;
			files = (
				767C1AAF163212F8F42A8DC8 /* Pods_MiniSounds_MiniSoundsUITests.framework in Frameworks */,
			);
			runOnlyForDeploymentPostprocessing = 0;
		};
/* End PBXFrameworksBuildPhase section */

/* Begin PBXGroup section */
		45721E4FF9FC74E90915666B /* Pods */ = {
			isa = PBXGroup;
			children = (
				6E0812BB3024D916A7B717A9 /* Pods-MiniSounds.debug.xcconfig */,
				0FBE5EFA6F62C2057959F2A8 /* Pods-MiniSounds.release.xcconfig */,
				2975A56622B3C9DA41BECB61 /* Pods-MiniSounds-MiniSoundsUITests.debug.xcconfig */,
				F67858D2A0868A6517F89D8F /* Pods-MiniSounds-MiniSoundsUITests.release.xcconfig */,
				2FE43A233A1D6104E405799A /* Pods-MiniSoundsTests.debug.xcconfig */,
				7319814343FB7968104F6EB1 /* Pods-MiniSoundsTests.release.xcconfig */,
			);
			path = Pods;
			sourceTree = "<group>";
		};
		AC9917D2240E7E0200852F9C /* Controllers */ = {
			isa = PBXGroup;
			children = (
				AC9917D3240E7E3A00852F9C /* PlayableItemsVC.swift */,
			);
			path = Controllers;
			sourceTree = "<group>";
		};
		AC9917D5240E810C00852F9C /* Components */ = {
			isa = PBXGroup;
			children = (
				AC9917D6240E813700852F9C /* PlayableItemCell.swift */,
			);
			path = Components;
			sourceTree = "<group>";
		};
		ACB5D86A241637830057FCF0 /* ViewModels */ = {
			isa = PBXGroup;
			children = (
				ACB5D86B241637930057FCF0 /* ConfigViewModel.swift */,
				ACB5D86F24164A890057FCF0 /* PlayableViewModel.swift */,
			);
			path = ViewModels;
			sourceTree = "<group>";
		};
		ACF2227A240D077900E6E065 = {
			isa = PBXGroup;
			children = (
				ACF22285240D077900E6E065 /* MiniSounds */,
				ACF2229C240D077B00E6E065 /* MiniSoundsTests */,
				ACF222A7240D077B00E6E065 /* MiniSoundsUITests */,
				ACF22284240D077900E6E065 /* Products */,
				45721E4FF9FC74E90915666B /* Pods */,
				CFA8A74B369A8396D86A1154 /* Frameworks */,
			);
			sourceTree = "<group>";
		};
		ACF22284240D077900E6E065 /* Products */ = {
			isa = PBXGroup;
			children = (
				ACF22283240D077900E6E065 /* MiniSounds.app */,
				ACF22299240D077B00E6E065 /* MiniSoundsTests.xctest */,
				ACF222A4240D077B00E6E065 /* MiniSoundsUITests.xctest */,
			);
			name = Products;
			sourceTree = "<group>";
		};
		ACF22285240D077900E6E065 /* MiniSounds */ = {
			isa = PBXGroup;
			children = (
				ACB5D86A241637830057FCF0 /* ViewModels */,
				AC9917D5240E810C00852F9C /* Components */,
				AC9917D2240E7E0200852F9C /* Controllers */,
				ACF222C6240D618600E6E065 /* Extensions */,
				ACF222B9240D340800E6E065 /* Models */,
				ACF222B6240D2EF400E6E065 /* Screens */,
				ACF22286240D077900E6E065 /* AppDelegate.swift */,
				ACF22288240D077900E6E065 /* SceneDelegate.swift */,
				ACF2228C240D077900E6E065 /* Main.storyboard */,
				ACF2228F240D077B00E6E065 /* Assets.xcassets */,
				ACF22291240D077B00E6E065 /* LaunchScreen.storyboard */,
				ACF22294240D077B00E6E065 /* Info.plist */,
			);
			path = MiniSounds;
			sourceTree = "<group>";
		};
		ACF2229C240D077B00E6E065 /* MiniSoundsTests */ = {
			isa = PBXGroup;
			children = (
				ACF222BE240D599B00E6E065 /* Mocks */,
				ACF2229D240D077B00E6E065 /* MiniSoundsTests.swift */,
				ACF2229F240D077B00E6E065 /* Info.plist */,
				ACF222BC240D581F00E6E065 /* configViewModelTests.swift */,
			);
			path = MiniSoundsTests;
			sourceTree = "<group>";
		};
		ACF222A7240D077B00E6E065 /* MiniSoundsUITests */ = {
			isa = PBXGroup;
			children = (
				ACF222A8240D077B00E6E065 /* MiniSoundsUITests.swift */,
				ACF222AA240D077B00E6E065 /* Info.plist */,
			);
			path = MiniSoundsUITests;
			sourceTree = "<group>";
		};
		ACF222B6240D2EF400E6E065 /* Screens */ = {
			isa = PBXGroup;
			children = (
				ACF2228A240D077900E6E065 /* HomeView.swift */,
				ACF222B7240D2F0E00E6E065 /* PlayerScreen.swift */,
			);
			path = Screens;
			sourceTree = "<group>";
		};
		ACF222B9240D340800E6E065 /* Models */ = {
			isa = PBXGroup;
			children = (
				ACF222BA240D34AC00E6E065 /* Config.swift */,
				ACB5D86D241638860057FCF0 /* Playable.swift */,
			);
			path = Models;
			sourceTree = "<group>";
		};
		ACF222BE240D599B00E6E065 /* Mocks */ = {
			isa = PBXGroup;
			children = (
				ACF222BF240D59AF00E6E065 /* URLProtocolSub.swift */,
			);
			path = Mocks;
			sourceTree = "<group>";
		};
		ACF222C6240D618600E6E065 /* Extensions */ = {
			isa = PBXGroup;
			children = (
				AC9917CE240E7BF600852F9C /* UIColour.swift */,
				AC9917D0240E7C7B00852F9C /* AutoLayoutConstraints.swift */,
			);
			path = Extensions;
			sourceTree = "<group>";
		};
		CFA8A74B369A8396D86A1154 /* Frameworks */ = {
			isa = PBXGroup;
			children = (
				86CB48880724387F0B83DB69 /* Pods_MiniSounds.framework */,
				16D77E1AE633B709E7A5E6A3 /* Pods_MiniSounds_MiniSoundsUITests.framework */,
				AA4711E6895E3726C2FD4A96 /* Pods_MiniSoundsTests.framework */,
			);
			name = Frameworks;
			sourceTree = "<group>";
		};
/* End PBXGroup section */

/* Begin PBXNativeTarget section */
		ACF22282240D077900E6E065 /* MiniSounds */ = {
			isa = PBXNativeTarget;
			buildConfigurationList = ACF222AD240D077B00E6E065 /* Build configuration list for PBXNativeTarget "MiniSounds" */;
			buildPhases = (
				88AB2825ED98786BF2DAD231 /* [CP] Check Pods Manifest.lock */,
				ACF2227F240D077900E6E065 /* Sources */,
				ACF22280240D077900E6E065 /* Frameworks */,
				ACF22281240D077900E6E065 /* Resources */,
				D36B4AEB5A31F7CED3925006 /* [CP] Embed Pods Frameworks */,
			);
			buildRules = (
			);
			dependencies = (
			);
			name = MiniSounds;
			packageProductDependencies = (
				ACC0903E240FB31E005E79D1 /* Kingfisher */,
			);
			productName = MiniSounds;
			productReference = ACF22283240D077900E6E065 /* MiniSounds.app */;
			productType = "com.apple.product-type.application";
		};
		ACF22298240D077B00E6E065 /* MiniSoundsTests */ = {
			isa = PBXNativeTarget;
			buildConfigurationList = ACF222B0240D077B00E6E065 /* Build configuration list for PBXNativeTarget "MiniSoundsTests" */;
			buildPhases = (
				DC4DFA09C7BF6DD8DB3E5E91 /* [CP] Check Pods Manifest.lock */,
				ACF22295240D077B00E6E065 /* Sources */,
				ACF22296240D077B00E6E065 /* Frameworks */,
				ACF22297240D077B00E6E065 /* Resources */,
			);
			buildRules = (
			);
			dependencies = (
				ACF2229B240D077B00E6E065 /* PBXTargetDependency */,
			);
			name = MiniSoundsTests;
			productName = MiniSoundsTests;
			productReference = ACF22299240D077B00E6E065 /* MiniSoundsTests.xctest */;
			productType = "com.apple.product-type.bundle.unit-test";
		};
		ACF222A3240D077B00E6E065 /* MiniSoundsUITests */ = {
			isa = PBXNativeTarget;
			buildConfigurationList = ACF222B3240D077B00E6E065 /* Build configuration list for PBXNativeTarget "MiniSoundsUITests" */;
			buildPhases = (
				6AC255A7DEA87BFF73CB5DDD /* [CP] Check Pods Manifest.lock */,
				ACF222A0240D077B00E6E065 /* Sources */,
				ACF222A1240D077B00E6E065 /* Frameworks */,
				ACF222A2240D077B00E6E065 /* Resources */,
				F2B33347E8C2AC01029FC40B /* [CP] Embed Pods Frameworks */,
			);
			buildRules = (
			);
			dependencies = (
				ACF222A6240D077B00E6E065 /* PBXTargetDependency */,
			);
			name = MiniSoundsUITests;
			productName = MiniSoundsUITests;
			productReference = ACF222A4240D077B00E6E065 /* MiniSoundsUITests.xctest */;
			productType = "com.apple.product-type.bundle.ui-testing";
		};
/* End PBXNativeTarget section */

/* Begin PBXProject section */
		ACF2227B240D077900E6E065 /* Project object */ = {
			isa = PBXProject;
			attributes = {
				LastSwiftUpdateCheck = 1130;
				LastUpgradeCheck = 1130;
				ORGANIZATIONNAME = "Daniel Barclay";
				TargetAttributes = {
					ACF22282240D077900E6E065 = {
						CreatedOnToolsVersion = 11.3.1;
					};
					ACF22298240D077B00E6E065 = {
						CreatedOnToolsVersion = 11.3.1;
						TestTargetID = ACF22282240D077900E6E065;
					};
					ACF222A3240D077B00E6E065 = {
						CreatedOnToolsVersion = 11.3.1;
						TestTargetID = ACF22282240D077900E6E065;
					};
				};
			};
			buildConfigurationList = ACF2227E240D077900E6E065 /* Build configuration list for PBXProject "MiniSounds" */;
			compatibilityVersion = "Xcode 9.3";
			developmentRegion = en;
			hasScannedForEncodings = 0;
			knownRegions = (
				en,
				Base,
			);
			mainGroup = ACF2227A240D077900E6E065;
			packageReferences = (
				ACC0903D240FB31E005E79D1 /* XCRemoteSwiftPackageReference "Kingfisher" */,
			);
			productRefGroup = ACF22284240D077900E6E065 /* Products */;
			projectDirPath = "";
			projectRoot = "";
			targets = (
				ACF22282240D077900E6E065 /* MiniSounds */,
				ACF22298240D077B00E6E065 /* MiniSoundsTests */,
				ACF222A3240D077B00E6E065 /* MiniSoundsUITests */,
			);
		};
/* End PBXProject section */

/* Begin PBXResourcesBuildPhase section */
		ACF22281240D077900E6E065 /* Resources */ = {
			isa = PBXResourcesBuildPhase;
			buildActionMask = 2147483647;
			files = (
				ACF22293240D077B00E6E065 /* LaunchScreen.storyboard in Resources */,
				ACF22290240D077B00E6E065 /* Assets.xcassets in Resources */,
				ACF2228E240D077900E6E065 /* Main.storyboard in Resources */,
			);
			runOnlyForDeploymentPostprocessing = 0;
		};
		ACF22297240D077B00E6E065 /* Resources */ = {
			isa = PBXResourcesBuildPhase;
			buildActionMask = 2147483647;
			files = (
			);
			runOnlyForDeploymentPostprocessing = 0;
		};
		ACF222A2240D077B00E6E065 /* Resources */ = {
			isa = PBXResourcesBuildPhase;
			buildActionMask = 2147483647;
			files = (
			);
			runOnlyForDeploymentPostprocessing = 0;
		};
/* End PBXResourcesBuildPhase section */

/* Begin PBXShellScriptBuildPhase section */
		6AC255A7DEA87BFF73CB5DDD /* [CP] Check Pods Manifest.lock */ = {
			isa = PBXShellScriptBuildPhase;
			buildActionMask = 2147483647;
			files = (
			);
			inputFileListPaths = (
			);
			inputPaths = (
				"${PODS_PODFILE_DIR_PATH}/Podfile.lock",
				"${PODS_ROOT}/Manifest.lock",
			);
			name = "[CP] Check Pods Manifest.lock";
			outputFileListPaths = (
			);
			outputPaths = (
				"$(DERIVED_FILE_DIR)/Pods-MiniSounds-MiniSoundsUITests-checkManifestLockResult.txt",
			);
			runOnlyForDeploymentPostprocessing = 0;
			shellPath = /bin/sh;
			shellScript = "diff \"${PODS_PODFILE_DIR_PATH}/Podfile.lock\" \"${PODS_ROOT}/Manifest.lock\" > /dev/null\nif [ $? != 0 ] ; then\n    # print error to STDERR\n    echo \"error: The sandbox is not in sync with the Podfile.lock. Run 'pod install' or update your CocoaPods installation.\" >&2\n    exit 1\nfi\n# This output is used by Xcode 'outputs' to avoid re-running this script phase.\necho \"SUCCESS\" > \"${SCRIPT_OUTPUT_FILE_0}\"\n";
			showEnvVarsInLog = 0;
		};
		88AB2825ED98786BF2DAD231 /* [CP] Check Pods Manifest.lock */ = {
			isa = PBXShellScriptBuildPhase;
			buildActionMask = 2147483647;
			files = (
			);
			inputFileListPaths = (
			);
			inputPaths = (
				"${PODS_PODFILE_DIR_PATH}/Podfile.lock",
				"${PODS_ROOT}/Manifest.lock",
			);
			name = "[CP] Check Pods Manifest.lock";
			outputFileListPaths = (
			);
			outputPaths = (
				"$(DERIVED_FILE_DIR)/Pods-MiniSounds-checkManifestLockResult.txt",
			);
			runOnlyForDeploymentPostprocessing = 0;
			shellPath = /bin/sh;
			shellScript = "diff \"${PODS_PODFILE_DIR_PATH}/Podfile.lock\" \"${PODS_ROOT}/Manifest.lock\" > /dev/null\nif [ $? != 0 ] ; then\n    # print error to STDERR\n    echo \"error: The sandbox is not in sync with the Podfile.lock. Run 'pod install' or update your CocoaPods installation.\" >&2\n    exit 1\nfi\n# This output is used by Xcode 'outputs' to avoid re-running this script phase.\necho \"SUCCESS\" > \"${SCRIPT_OUTPUT_FILE_0}\"\n";
			showEnvVarsInLog = 0;
		};
		D36B4AEB5A31F7CED3925006 /* [CP] Embed Pods Frameworks */ = {
			isa = PBXShellScriptBuildPhase;
			buildActionMask = 2147483647;
			files = (
			);
			inputFileListPaths = (
				"${PODS_ROOT}/Target Support Files/Pods-MiniSounds/Pods-MiniSounds-frameworks-${CONFIGURATION}-input-files.xcfilelist",
			);
			name = "[CP] Embed Pods Frameworks";
			outputFileListPaths = (
				"${PODS_ROOT}/Target Support Files/Pods-MiniSounds/Pods-MiniSounds-frameworks-${CONFIGURATION}-output-files.xcfilelist",
			);
			runOnlyForDeploymentPostprocessing = 0;
			shellPath = /bin/sh;
			shellScript = "\"${PODS_ROOT}/Target Support Files/Pods-MiniSounds/Pods-MiniSounds-frameworks.sh\"\n";
			showEnvVarsInLog = 0;
		};
		DC4DFA09C7BF6DD8DB3E5E91 /* [CP] Check Pods Manifest.lock */ = {
			isa = PBXShellScriptBuildPhase;
			buildActionMask = 2147483647;
			files = (
			);
			inputFileListPaths = (
			);
			inputPaths = (
				"${PODS_PODFILE_DIR_PATH}/Podfile.lock",
				"${PODS_ROOT}/Manifest.lock",
			);
			name = "[CP] Check Pods Manifest.lock";
			outputFileListPaths = (
			);
			outputPaths = (
				"$(DERIVED_FILE_DIR)/Pods-MiniSoundsTests-checkManifestLockResult.txt",
			);
			runOnlyForDeploymentPostprocessing = 0;
			shellPath = /bin/sh;
			shellScript = "diff \"${PODS_PODFILE_DIR_PATH}/Podfile.lock\" \"${PODS_ROOT}/Manifest.lock\" > /dev/null\nif [ $? != 0 ] ; then\n    # print error to STDERR\n    echo \"error: The sandbox is not in sync with the Podfile.lock. Run 'pod install' or update your CocoaPods installation.\" >&2\n    exit 1\nfi\n# This output is used by Xcode 'outputs' to avoid re-running this script phase.\necho \"SUCCESS\" > \"${SCRIPT_OUTPUT_FILE_0}\"\n";
			showEnvVarsInLog = 0;
		};
		F2B33347E8C2AC01029FC40B /* [CP] Embed Pods Frameworks */ = {
			isa = PBXShellScriptBuildPhase;
			buildActionMask = 2147483647;
			files = (
			);
			inputFileListPaths = (
				"${PODS_ROOT}/Target Support Files/Pods-MiniSounds-MiniSoundsUITests/Pods-MiniSounds-MiniSoundsUITests-frameworks-${CONFIGURATION}-input-files.xcfilelist",
			);
			name = "[CP] Embed Pods Frameworks";
			outputFileListPaths = (
				"${PODS_ROOT}/Target Support Files/Pods-MiniSounds-MiniSoundsUITests/Pods-MiniSounds-MiniSoundsUITests-frameworks-${CONFIGURATION}-output-files.xcfilelist",
			);
			runOnlyForDeploymentPostprocessing = 0;
			shellPath = /bin/sh;
			shellScript = "\"${PODS_ROOT}/Target Support Files/Pods-MiniSounds-MiniSoundsUITests/Pods-MiniSounds-MiniSoundsUITests-frameworks.sh\"\n";
			showEnvVarsInLog = 0;
		};
/* End PBXShellScriptBuildPhase section */

/* Begin PBXSourcesBuildPhase section */
		ACF2227F240D077900E6E065 /* Sources */ = {
			isa = PBXSourcesBuildPhase;
			buildActionMask = 2147483647;
			files = (
				ACB5D86C241637930057FCF0 /* ConfigViewModel.swift in Sources */,
				ACF2228B240D077900E6E065 /* HomeView.swift in Sources */,
				AC9917CF240E7BF600852F9C /* UIColour.swift in Sources */,
				AC9917D4240E7E3A00852F9C /* PlayableItemsVC.swift in Sources */,
				ACB5D87024164A890057FCF0 /* PlayableViewModel.swift in Sources */,
				ACF222B8240D2F0E00E6E065 /* PlayerScreen.swift in Sources */,
				ACF222BB240D34AC00E6E065 /* Config.swift in Sources */,
				AC9917D7240E813700852F9C /* PlayableItemCell.swift in Sources */,
				AC9917D1240E7C7B00852F9C /* AutoLayoutConstraints.swift in Sources */,
				ACF22287240D077900E6E065 /* AppDelegate.swift in Sources */,
				ACF22289240D077900E6E065 /* SceneDelegate.swift in Sources */,
				ACB5D86E241638860057FCF0 /* Playable.swift in Sources */,
			);
			runOnlyForDeploymentPostprocessing = 0;
		};
		ACF22295240D077B00E6E065 /* Sources */ = {
			isa = PBXSourcesBuildPhase;
			buildActionMask = 2147483647;
			files = (
				ACF222C0240D59AF00E6E065 /* URLProtocolSub.swift in Sources */,
				ACF2229E240D077B00E6E065 /* MiniSoundsTests.swift in Sources */,
				ACF222BD240D581F00E6E065 /* configViewModelTests.swift in Sources */,
			);
			runOnlyForDeploymentPostprocessing = 0;
		};
		ACF222A0240D077B00E6E065 /* Sources */ = {
			isa = PBXSourcesBuildPhase;
			buildActionMask = 2147483647;
			files = (
				ACF222A9240D077B00E6E065 /* MiniSoundsUITests.swift in Sources */,
			);
			runOnlyForDeploymentPostprocessing = 0;
		};
/* End PBXSourcesBuildPhase section */

/* Begin PBXTargetDependency section */
		ACF2229B240D077B00E6E065 /* PBXTargetDependency */ = {
			isa = PBXTargetDependency;
			target = ACF22282240D077900E6E065 /* MiniSounds */;
			targetProxy = ACF2229A240D077B00E6E065 /* PBXContainerItemProxy */;
		};
		ACF222A6240D077B00E6E065 /* PBXTargetDependency */ = {
			isa = PBXTargetDependency;
			target = ACF22282240D077900E6E065 /* MiniSounds */;
			targetProxy = ACF222A5240D077B00E6E065 /* PBXContainerItemProxy */;
		};
/* End PBXTargetDependency section */

/* Begin PBXVariantGroup section */
		ACF2228C240D077900E6E065 /* Main.storyboard */ = {
			isa = PBXVariantGroup;
			children = (
				ACF2228D240D077900E6E065 /* Base */,
			);
			name = Main.storyboard;
			sourceTree = "<group>";
		};
		ACF22291240D077B00E6E065 /* LaunchScreen.storyboard */ = {
			isa = PBXVariantGroup;
			children = (
				ACF22292240D077B00E6E065 /* Base */,
			);
			name = LaunchScreen.storyboard;
			sourceTree = "<group>";
		};
/* End PBXVariantGroup section */

/* Begin XCBuildConfiguration section */
		ACF222AB240D077B00E6E065 /* Debug */ = {
			isa = XCBuildConfiguration;
			buildSettings = {
				ALWAYS_SEARCH_USER_PATHS = NO;
				CLANG_ANALYZER_NONNULL = YES;
				CLANG_ANALYZER_NUMBER_OBJECT_CONVERSION = YES_AGGRESSIVE;
				CLANG_CXX_LANGUAGE_STANDARD = "gnu++14";
				CLANG_CXX_LIBRARY = "libc++";
				CLANG_ENABLE_MODULES = YES;
				CLANG_ENABLE_OBJC_ARC = YES;
				CLANG_ENABLE_OBJC_WEAK = YES;
				CLANG_WARN_BLOCK_CAPTURE_AUTORELEASING = YES;
				CLANG_WARN_BOOL_CONVERSION = YES;
				CLANG_WARN_COMMA = YES;
				CLANG_WARN_CONSTANT_CONVERSION = YES;
				CLANG_WARN_DEPRECATED_OBJC_IMPLEMENTATIONS = YES;
				CLANG_WARN_DIRECT_OBJC_ISA_USAGE = YES_ERROR;
				CLANG_WARN_DOCUMENTATION_COMMENTS = YES;
				CLANG_WARN_EMPTY_BODY = YES;
				CLANG_WARN_ENUM_CONVERSION = YES;
				CLANG_WARN_INFINITE_RECURSION = YES;
				CLANG_WARN_INT_CONVERSION = YES;
				CLANG_WARN_NON_LITERAL_NULL_CONVERSION = YES;
				CLANG_WARN_OBJC_IMPLICIT_RETAIN_SELF = YES;
				CLANG_WARN_OBJC_LITERAL_CONVERSION = YES;
				CLANG_WARN_OBJC_ROOT_CLASS = YES_ERROR;
				CLANG_WARN_RANGE_LOOP_ANALYSIS = YES;
				CLANG_WARN_STRICT_PROTOTYPES = YES;
				CLANG_WARN_SUSPICIOUS_MOVE = YES;
				CLANG_WARN_UNGUARDED_AVAILABILITY = YES_AGGRESSIVE;
				CLANG_WARN_UNREACHABLE_CODE = YES;
				CLANG_WARN__DUPLICATE_METHOD_MATCH = YES;
				COPY_PHASE_STRIP = NO;
				DEBUG_INFORMATION_FORMAT = dwarf;
				ENABLE_STRICT_OBJC_MSGSEND = YES;
				ENABLE_TESTABILITY = YES;
				GCC_C_LANGUAGE_STANDARD = gnu11;
				GCC_DYNAMIC_NO_PIC = NO;
				GCC_NO_COMMON_BLOCKS = YES;
				GCC_OPTIMIZATION_LEVEL = 0;
				GCC_PREPROCESSOR_DEFINITIONS = (
					"DEBUG=1",
					"$(inherited)",
				);
				GCC_WARN_64_TO_32_BIT_CONVERSION = YES;
				GCC_WARN_ABOUT_RETURN_TYPE = YES_ERROR;
				GCC_WARN_UNDECLARED_SELECTOR = YES;
				GCC_WARN_UNINITIALIZED_AUTOS = YES_AGGRESSIVE;
				GCC_WARN_UNUSED_FUNCTION = YES;
				GCC_WARN_UNUSED_VARIABLE = YES;
				IPHONEOS_DEPLOYMENT_TARGET = 13.2;
				MTL_ENABLE_DEBUG_INFO = INCLUDE_SOURCE;
				MTL_FAST_MATH = YES;
				ONLY_ACTIVE_ARCH = YES;
				SDKROOT = iphoneos;
				SWIFT_ACTIVE_COMPILATION_CONDITIONS = DEBUG;
				SWIFT_OPTIMIZATION_LEVEL = "-Onone";
			};
			name = Debug;
		};
		ACF222AC240D077B00E6E065 /* Release */ = {
			isa = XCBuildConfiguration;
			buildSettings = {
				ALWAYS_SEARCH_USER_PATHS = NO;
				CLANG_ANALYZER_NONNULL = YES;
				CLANG_ANALYZER_NUMBER_OBJECT_CONVERSION = YES_AGGRESSIVE;
				CLANG_CXX_LANGUAGE_STANDARD = "gnu++14";
				CLANG_CXX_LIBRARY = "libc++";
				CLANG_ENABLE_MODULES = YES;
				CLANG_ENABLE_OBJC_ARC = YES;
				CLANG_ENABLE_OBJC_WEAK = YES;
				CLANG_WARN_BLOCK_CAPTURE_AUTORELEASING = YES;
				CLANG_WARN_BOOL_CONVERSION = YES;
				CLANG_WARN_COMMA = YES;
				CLANG_WARN_CONSTANT_CONVERSION = YES;
				CLANG_WARN_DEPRECATED_OBJC_IMPLEMENTATIONS = YES;
				CLANG_WARN_DIRECT_OBJC_ISA_USAGE = YES_ERROR;
				CLANG_WARN_DOCUMENTATION_COMMENTS = YES;
				CLANG_WARN_EMPTY_BODY = YES;
				CLANG_WARN_ENUM_CONVERSION = YES;
				CLANG_WARN_INFINITE_RECURSION = YES;
				CLANG_WARN_INT_CONVERSION = YES;
				CLANG_WARN_NON_LITERAL_NULL_CONVERSION = YES;
				CLANG_WARN_OBJC_IMPLICIT_RETAIN_SELF = YES;
				CLANG_WARN_OBJC_LITERAL_CONVERSION = YES;
				CLANG_WARN_OBJC_ROOT_CLASS = YES_ERROR;
				CLANG_WARN_RANGE_LOOP_ANALYSIS = YES;
				CLANG_WARN_STRICT_PROTOTYPES = YES;
				CLANG_WARN_SUSPICIOUS_MOVE = YES;
				CLANG_WARN_UNGUARDED_AVAILABILITY = YES_AGGRESSIVE;
				CLANG_WARN_UNREACHABLE_CODE = YES;
				CLANG_WARN__DUPLICATE_METHOD_MATCH = YES;
				COPY_PHASE_STRIP = NO;
				DEBUG_INFORMATION_FORMAT = "dwarf-with-dsym";
				ENABLE_NS_ASSERTIONS = NO;
				ENABLE_STRICT_OBJC_MSGSEND = YES;
				GCC_C_LANGUAGE_STANDARD = gnu11;
				GCC_NO_COMMON_BLOCKS = YES;
				GCC_WARN_64_TO_32_BIT_CONVERSION = YES;
				GCC_WARN_ABOUT_RETURN_TYPE = YES_ERROR;
				GCC_WARN_UNDECLARED_SELECTOR = YES;
				GCC_WARN_UNINITIALIZED_AUTOS = YES_AGGRESSIVE;
				GCC_WARN_UNUSED_FUNCTION = YES;
				GCC_WARN_UNUSED_VARIABLE = YES;
				IPHONEOS_DEPLOYMENT_TARGET = 13.2;
				MTL_ENABLE_DEBUG_INFO = NO;
				MTL_FAST_MATH = YES;
				SDKROOT = iphoneos;
				SWIFT_COMPILATION_MODE = wholemodule;
				SWIFT_OPTIMIZATION_LEVEL = "-O";
				VALIDATE_PRODUCT = YES;
			};
			name = Release;
		};
		ACF222AE240D077B00E6E065 /* Debug */ = {
			isa = XCBuildConfiguration;
			baseConfigurationReference = 6E0812BB3024D916A7B717A9 /* Pods-MiniSounds.debug.xcconfig */;
			buildSettings = {
				ASSETCATALOG_COMPILER_APPICON_NAME = AppIcon;
				CODE_SIGN_STYLE = Automatic;
				DEVELOPMENT_TEAM = R2GGK3VN2C;
				INFOPLIST_FILE = MiniSounds/Info.plist;
				LD_RUNPATH_SEARCH_PATHS = (
					"$(inherited)",
					"@executable_path/Frameworks",
				);
				PRODUCT_BUNDLE_IDENTIFIER = danielbarclay.MiniSounds;
				PRODUCT_NAME = "$(TARGET_NAME)";
				SWIFT_VERSION = 5.0;
				TARGETED_DEVICE_FAMILY = "1,2";
			};
			name = Debug;
		};
		ACF222AF240D077B00E6E065 /* Release */ = {
			isa = XCBuildConfiguration;
			baseConfigurationReference = 0FBE5EFA6F62C2057959F2A8 /* Pods-MiniSounds.release.xcconfig */;
			buildSettings = {
				ASSETCATALOG_COMPILER_APPICON_NAME = AppIcon;
				CODE_SIGN_STYLE = Automatic;
				DEVELOPMENT_TEAM = R2GGK3VN2C;
				INFOPLIST_FILE = MiniSounds/Info.plist;
				LD_RUNPATH_SEARCH_PATHS = (
					"$(inherited)",
					"@executable_path/Frameworks",
				);
				PRODUCT_BUNDLE_IDENTIFIER = danielbarclay.MiniSounds;
				PRODUCT_NAME = "$(TARGET_NAME)";
				SWIFT_VERSION = 5.0;
				TARGETED_DEVICE_FAMILY = "1,2";
			};
			name = Release;
		};
		ACF222B1240D077B00E6E065 /* Debug */ = {
			isa = XCBuildConfiguration;
			baseConfigurationReference = 2FE43A233A1D6104E405799A /* Pods-MiniSoundsTests.debug.xcconfig */;
			buildSettings = {
				ALWAYS_EMBED_SWIFT_STANDARD_LIBRARIES = YES;
				BUNDLE_LOADER = "$(TEST_HOST)";
				CODE_SIGN_STYLE = Automatic;
				DEVELOPMENT_TEAM = R2GGK3VN2C;
				INFOPLIST_FILE = MiniSoundsTests/Info.plist;
				IPHONEOS_DEPLOYMENT_TARGET = 13.2;
				LD_RUNPATH_SEARCH_PATHS = (
					"$(inherited)",
					"@executable_path/Frameworks",
					"@loader_path/Frameworks",
				);
				PRODUCT_BUNDLE_IDENTIFIER = danielbarclay.MiniSoundsTests;
				PRODUCT_NAME = "$(TARGET_NAME)";
				SWIFT_VERSION = 5.0;
				TARGETED_DEVICE_FAMILY = "1,2";
				TEST_HOST = "$(BUILT_PRODUCTS_DIR)/MiniSounds.app/MiniSounds";
			};
			name = Debug;
		};
		ACF222B2240D077B00E6E065 /* Release */ = {
			isa = XCBuildConfiguration;
			baseConfigurationReference = 7319814343FB7968104F6EB1 /* Pods-MiniSoundsTests.release.xcconfig */;
			buildSettings = {
				ALWAYS_EMBED_SWIFT_STANDARD_LIBRARIES = YES;
				BUNDLE_LOADER = "$(TEST_HOST)";
				CODE_SIGN_STYLE = Automatic;
				DEVELOPMENT_TEAM = R2GGK3VN2C;
				INFOPLIST_FILE = MiniSoundsTests/Info.plist;
				IPHONEOS_DEPLOYMENT_TARGET = 13.2;
				LD_RUNPATH_SEARCH_PATHS = (
					"$(inherited)",
					"@executable_path/Frameworks",
					"@loader_path/Frameworks",
				);
				PRODUCT_BUNDLE_IDENTIFIER = danielbarclay.MiniSoundsTests;
				PRODUCT_NAME = "$(TARGET_NAME)";
				SWIFT_VERSION = 5.0;
				TARGETED_DEVICE_FAMILY = "1,2";
				TEST_HOST = "$(BUILT_PRODUCTS_DIR)/MiniSounds.app/MiniSounds";
			};
			name = Release;
		};
		ACF222B4240D077B00E6E065 /* Debug */ = {
			isa = XCBuildConfiguration;
			baseConfigurationReference = 2975A56622B3C9DA41BECB61 /* Pods-MiniSounds-MiniSoundsUITests.debug.xcconfig */;
			buildSettings = {
				ALWAYS_EMBED_SWIFT_STANDARD_LIBRARIES = YES;
				CODE_SIGN_STYLE = Automatic;
				DEVELOPMENT_TEAM = R2GGK3VN2C;
				INFOPLIST_FILE = MiniSoundsUITests/Info.plist;
				LD_RUNPATH_SEARCH_PATHS = (
					"$(inherited)",
					"@executable_path/Frameworks",
					"@loader_path/Frameworks",
				);
				PRODUCT_BUNDLE_IDENTIFIER = danielbarclay.MiniSoundsUITests;
				PRODUCT_NAME = "$(TARGET_NAME)";
				SWIFT_VERSION = 5.0;
				TARGETED_DEVICE_FAMILY = "1,2";
				TEST_TARGET_NAME = MiniSounds;
			};
			name = Debug;
		};
		ACF222B5240D077B00E6E065 /* Release */ = {
			isa = XCBuildConfiguration;
			baseConfigurationReference = F67858D2A0868A6517F89D8F /* Pods-MiniSounds-MiniSoundsUITests.release.xcconfig */;
			buildSettings = {
				ALWAYS_EMBED_SWIFT_STANDARD_LIBRARIES = YES;
				CODE_SIGN_STYLE = Automatic;
				DEVELOPMENT_TEAM = R2GGK3VN2C;
				INFOPLIST_FILE = MiniSoundsUITests/Info.plist;
				LD_RUNPATH_SEARCH_PATHS = (
					"$(inherited)",
					"@executable_path/Frameworks",
					"@loader_path/Frameworks",
				);
				PRODUCT_BUNDLE_IDENTIFIER = danielbarclay.MiniSoundsUITests;
				PRODUCT_NAME = "$(TARGET_NAME)";
				SWIFT_VERSION = 5.0;
				TARGETED_DEVICE_FAMILY = "1,2";
				TEST_TARGET_NAME = MiniSounds;
			};
			name = Release;
		};
/* End XCBuildConfiguration section */

/* Begin XCConfigurationList section */
		ACF2227E240D077900E6E065 /* Build configuration list for PBXProject "MiniSounds" */ = {
			isa = XCConfigurationList;
			buildConfigurations = (
				ACF222AB240D077B00E6E065 /* Debug */,
				ACF222AC240D077B00E6E065 /* Release */,
			);
			defaultConfigurationIsVisible = 0;
			defaultConfigurationName = Release;
		};
		ACF222AD240D077B00E6E065 /* Build configuration list for PBXNativeTarget "MiniSounds" */ = {
			isa = XCConfigurationList;
			buildConfigurations = (
				ACF222AE240D077B00E6E065 /* Debug */,
				ACF222AF240D077B00E6E065 /* Release */,
			);
			defaultConfigurationIsVisible = 0;
			defaultConfigurationName = Release;
		};
		ACF222B0240D077B00E6E065 /* Build configuration list for PBXNativeTarget "MiniSoundsTests" */ = {
			isa = XCConfigurationList;
			buildConfigurations = (
				ACF222B1240D077B00E6E065 /* Debug */,
				ACF222B2240D077B00E6E065 /* Release */,
			);
			defaultConfigurationIsVisible = 0;
			defaultConfigurationName = Release;
		};
		ACF222B3240D077B00E6E065 /* Build configuration list for PBXNativeTarget "MiniSoundsUITests" */ = {
			isa = XCConfigurationList;
			buildConfigurations = (
				ACF222B4240D077B00E6E065 /* Debug */,
				ACF222B5240D077B00E6E065 /* Release */,
			);
			defaultConfigurationIsVisible = 0;
			defaultConfigurationName = Release;
		};
/* End XCConfigurationList section */

/* Begin XCRemoteSwiftPackageReference section */
		ACC0903D240FB31E005E79D1 /* XCRemoteSwiftPackageReference "Kingfisher" */ = {
			isa = XCRemoteSwiftPackageReference;
			repositoryURL = "https://github.com/onevcat/Kingfisher.git";
			requirement = {
				kind = upToNextMajorVersion;
				minimumVersion = 5.13.2;
			};
		};
/* End XCRemoteSwiftPackageReference section */

/* Begin XCSwiftPackageProductDependency section */
		ACC0903E240FB31E005E79D1 /* Kingfisher */ = {
			isa = XCSwiftPackageProductDependency;
			package = ACC0903D240FB31E005E79D1 /* XCRemoteSwiftPackageReference "Kingfisher" */;
			productName = Kingfisher;
		};
/* End XCSwiftPackageProductDependency section */
	};
	rootObject = ACF2227B240D077900E6E065 /* Project object */;
}
